
Microsoft Visual Studio Solution File, Format Version 12.00
# Visual Studio Version 16
VisualStudioVersion = 16.0.32228.343
MinimumVisualStudioVersion = 10.0.40219.1
Project("{FAE04EC0-301F-11D3-BF4B-00C04F79EFBC}") = "Deliverable2", "Deliverable2\Deliverable2.csproj", "{E838C42D-F695-404D-BE47-D2DAB256EC9B}"
EndProject
Global
	GlobalSection(SolutionConfigurationPlatforms) = preSolution
		Debug|Any CPU = Debug|Any CPU
		Release|Any CPU = Release|Any CPU
	EndGlobalSection
	GlobalSection(ProjectConfigurationPlatforms) = postSolution
		{E838C42D-F695-404D-BE47-D2DAB256EC9B}.Debug|Any CPU.ActiveCfg = Debug|Any CPU
		{E838C42D-F695-404D-BE47-D2DAB256EC9B}.Debug|Any CPU.Build.0 = Debug|Any CPU
		{E838C42D-F695-404D-BE47-D2DAB256EC9B}.Release|Any CPU.ActiveCfg = Release|Any CPU
		{E838C42D-F695-404D-BE47-D2DAB256EC9B}.Release|Any CPU.Build.0 = Release|Any CPU
	EndGlobalSection
	GlobalSection(SolutionProperties) = preSolution
		HideSolutionNode = FALSE
	EndGlobalSection
	GlobalSection(ExtensibilityGlobals) = postSolution
		SolutionGuid = {155ABD78-9286-46AB-92F3-D08A132569D5}
	EndGlobalSection
EndGlobal
